
Microsoft Visual Studio Solution File, Format Version 12.00
# Visual Studio Version 16
VisualStudioVersion = 16.0.34114.132
MinimumVisualStudioVersion = 10.0.40219.1
Project("{FAE04EC0-301F-11D3-BF4B-00C04F79EFBC}") = "Crud_Project", "Crud_Project.csproj", "{E1E5A92F-ADD1-4544-B1BE-155BBA79A341}"
EndProject
Global
	GlobalSection(SolutionConfigurationPlatforms) = preSolution
		Debug|Any CPU = Debug|Any CPU
		Release|Any CPU = Release|Any CPU
	EndGlobalSection
	GlobalSection(ProjectConfigurationPlatforms) = postSolution
		{E1E5A92F-ADD1-4544-B1BE-155BBA79A341}.Debug|Any CPU.ActiveCfg = Debug|Any CPU
		{E1E5A92F-ADD1-4544-B1BE-155BBA79A341}.Debug|Any CPU.Build.0 = Debug|Any CPU
		{E1E5A92F-ADD1-4544-B1BE-155BBA79A341}.Release|Any CPU.ActiveCfg = Release|Any CPU
		{E1E5A92F-ADD1-4544-B1BE-155BBA79A341}.Release|Any CPU.Build.0 = Release|Any CPU
	EndGlobalSection
	GlobalSection(SolutionProperties) = preSolution
		HideSolutionNode = FALSE
	EndGlobalSection
	GlobalSection(ExtensibilityGlobals) = postSolution
		SolutionGuid = {3B927150-8FD9-4B43-8721-3EF5E7C669E7}
	EndGlobalSection
EndGlobal
